<?xml version="1.0" encoding="utf-8"?>
<Project ToolsVersion="4.0" xmlns="http://schemas.microsoft.com/developer/msbuild/2003">
  <ItemGroup>
    <Filter Include="リソース ファイル">
      <UniqueIdentifier>{67DA6AB6-F800-4c08-8B7A-83BB121AAD01}</UniqueIdentifier>
      <Extensions>rc;ico;cur;bmp;dlg;rc2;rct;bin;rgs;gif;jpg;jpeg;jpe;resx;tiff;tif;png;wav;mfcribbon-ms</Extensions>
    </Filter>
    <Filter Include="Scene">
      <UniqueIdentifier>{98c7a4e4-697b-439c-84df-75d929905ab7}</UniqueIdentifier>
    </Filter>
    <Filter Include="Scene\Title">
      <UniqueIdentifier>{9fd25a6b-16da-41b8-9f60-59b1fa4f8e25}</UniqueIdentifier>
    </Filter>
    <Filter Include="Scene\Play">
      <UniqueIdentifier>{948ce786-62ac-446b-be98-0cca0bcf2b43}</UniqueIdentifier>
    </Filter>
    <Filter Include="Input">
      <UniqueIdentifier>{b42229c4-3397-4088-b8d0-e08ef8455456}</UniqueIdentifier>
    </Filter>
  </ItemGroup>
  <ItemGroup>
    <ClCompile Include="Src\Main.cpp" />
    <ClCompile Include="Src\Scene\Play\play.cpp">
      <Filter>Scene\Play</Filter>
    </ClCompile>
    <ClCompile Include="Src\Scene\Title\title.cpp">
      <Filter>Scene\Title</Filter>
    </ClCompile>
    <ClCompile Include="Src\Input\input.cpp">
      <Filter>Input</Filter>
    </ClCompile>
  </ItemGroup>
  <ItemGroup>
    <ClInclude Include="Src\Common.h" />
    <ClInclude Include="Src\Scene\Play\play.h">
      <Filter>Scene\Play</Filter>
    </ClInclude>
    <ClInclude Include="Src\Scene\Title\title.h">
      <Filter>Scene\Title</Filter>
    </ClInclude>
    <ClInclude Include="Src\Input\input.h">
      <Filter>Input</Filter>
    </ClInclude>
  </ItemGroup>
</Project>